
Microsoft Visual Studio Solution File, Format Version 12.00
# Visual Studio Version 17
VisualStudioVersion = 17.4.33103.184
MinimumVisualStudioVersion = 10.0.40219.1
Project("{FAE04EC0-301F-11D3-BF4B-00C04F79EFBC}") = "E-Library", "E-Library\E-Library.csproj", "{BBE1A57B-4B0E-4DA4-AB8C-213925332041}"
EndProject
Global
	GlobalSection(SolutionConfigurationPlatforms) = preSolution
		Debug|Any CPU = Debug|Any CPU
		Release|Any CPU = Release|Any CPU
	EndGlobalSection
	GlobalSection(ProjectConfigurationPlatforms) = postSolution
		{BBE1A57B-4B0E-4DA4-AB8C-213925332041}.Debug|Any CPU.ActiveCfg = Debug|Any CPU
		{BBE1A57B-4B0E-4DA4-AB8C-213925332041}.Debug|Any CPU.Build.0 = Debug|Any CPU
		{BBE1A57B-4B0E-4DA4-AB8C-213925332041}.Release|Any CPU.ActiveCfg = Release|Any CPU
		{BBE1A57B-4B0E-4DA4-AB8C-213925332041}.Release|Any CPU.Build.0 = Release|Any CPU
	EndGlobalSection
	GlobalSection(SolutionProperties) = preSolution
		HideSolutionNode = FALSE
	EndGlobalSection
	GlobalSection(ExtensibilityGlobals) = postSolution
		SolutionGuid = {D3D687E5-BAA4-49F6-BCBF-6B02944EA86F}
	EndGlobalSection
EndGlobal
